// !$*UTF8*$!
{
	archiveVersion = 1;
	classes = {
	};
	objectVersion = 50;
	objects = {

/* Begin PBXBuildFile section */
		D950BEE1265E67DF009F58CD /* MenuController.swift in Sources */ = {isa = PBXBuildFile; fileRef = D950BEE0265E67DF009F58CD /* MenuController.swift */; };
		D9591A28264DC311009EAC9E /* AppDelegate.swift in Sources */ = {isa = PBXBuildFile; fileRef = D9591A27264DC311009EAC9E /* AppDelegate.swift */; };
		D9591A2A264DC311009EAC9E /* SceneDelegate.swift in Sources */ = {isa = PBXBuildFile; fileRef = D9591A29264DC311009EAC9E /* SceneDelegate.swift */; };
		D9591A2C264DC311009EAC9E /* ViewController.swift in Sources */ = {isa = PBXBuildFile; fileRef = D9591A2B264DC311009EAC9E /* ViewController.swift */; };
		D9591A2F264DC311009EAC9E /* Main.storyboard in Resources */ = {isa = PBXBuildFile; fileRef = D9591A2D264DC311009EAC9E /* Main.storyboard */; };
		D9591A31264DC313009EAC9E /* Assets.xcassets in Resources */ = {isa = PBXBuildFile; fileRef = D9591A30264DC313009EAC9E /* Assets.xcassets */; };
		D9591A34264DC313009EAC9E /* LaunchScreen.storyboard in Resources */ = {isa = PBXBuildFile; fileRef = D9591A32264DC313009EAC9E /* LaunchScreen.storyboard */; };
		D98DA9F5265BCCE10029746D /* MenuItem.swift in Sources */ = {isa = PBXBuildFile; fileRef = D98DA9F4265BCCE10029746D /* MenuItem.swift */; };
		D98DA9F7265BCEC80029746D /* ResponseModels.swift in Sources */ = {isa = PBXBuildFile; fileRef = D98DA9F6265BCEC80029746D /* ResponseModels.swift */; };
		D98DA9F9265BD0270029746D /* Order.swift in Sources */ = {isa = PBXBuildFile; fileRef = D98DA9F8265BD0270029746D /* Order.swift */; };
		D9CB794526505D2100BA190D /* CategoryTableViewController.swift in Sources */ = {isa = PBXBuildFile; fileRef = D9CB794426505D2100BA190D /* CategoryTableViewController.swift */; };
		D9CB794726505D4000BA190D /* MenuTableViewController.swift in Sources */ = {isa = PBXBuildFile; fileRef = D9CB794626505D4000BA190D /* MenuTableViewController.swift */; };
		D9CB794926505D4800BA190D /* OrderTableViewController.swift in Sources */ = {isa = PBXBuildFile; fileRef = D9CB794826505D4800BA190D /* OrderTableViewController.swift */; };
		D9E2CF4D2656A2B700B998F7 /* MenuItemDetailViewController.swift in Sources */ = {isa = PBXBuildFile; fileRef = D9E2CF4C2656A2B700B998F7 /* MenuItemDetailViewController.swift */; };
/* End PBXBuildFile section */

/* Begin PBXFileReference section */
		D950BEE0265E67DF009F58CD /* MenuController.swift */ = {isa = PBXFileReference; lastKnownFileType = sourcecode.swift; path = MenuController.swift; sourceTree = "<group>"; };
		D9591A24264DC311009EAC9E /* Restaurant.app */ = {isa = PBXFileReference; explicitFileType = wrapper.application; includeInIndex = 0; path = Restaurant.app; sourceTree = BUILT_PRODUCTS_DIR; };
		D9591A27264DC311009EAC9E /* AppDelegate.swift */ = {isa = PBXFileReference; lastKnownFileType = sourcecode.swift; path = AppDelegate.swift; sourceTree = "<group>"; };
		D9591A29264DC311009EAC9E /* SceneDelegate.swift */ = {isa = PBXFileReference; lastKnownFileType = sourcecode.swift; path = SceneDelegate.swift; sourceTree = "<group>"; };
		D9591A2B264DC311009EAC9E /* ViewController.swift */ = {isa = PBXFileReference; lastKnownFileType = sourcecode.swift; path = ViewController.swift; sourceTree = "<group>"; };
		D9591A2E264DC311009EAC9E /* Base */ = {isa = PBXFileReference; lastKnownFileType = file.storyboard; name = Base; path = Base.lproj/Main.storyboard; sourceTree = "<group>"; };
		D9591A30264DC313009EAC9E /* Assets.xcassets */ = {isa = PBXFileReference; lastKnownFileType = folder.assetcatalog; path = Assets.xcassets; sourceTree = "<group>"; };
		D9591A33264DC313009EAC9E /* Base */ = {isa = PBXFileReference; lastKnownFileType = file.storyboard; name = Base; path = Base.lproj/LaunchScreen.storyboard; sourceTree = "<group>"; };
		D9591A35264DC313009EAC9E /* Info.plist */ = {isa = PBXFileReference; lastKnownFileType = text.plist.xml; path = Info.plist; sourceTree = "<group>"; };
		D98DA9F4265BCCE10029746D /* MenuItem.swift */ = {isa = PBXFileReference; lastKnownFileType = sourcecode.swift; path = MenuItem.swift; sourceTree = "<group>"; };
		D98DA9F6265BCEC80029746D /* ResponseModels.swift */ = {isa = PBXFileReference; lastKnownFileType = sourcecode.swift; path = ResponseModels.swift; sourceTree = "<group>"; };
		D98DA9F8265BD0270029746D /* Order.swift */ = {isa = PBXFileReference; lastKnownFileType = sourcecode.swift; path = Order.swift; sourceTree = "<group>"; };
		D9CB794426505D2100BA190D /* CategoryTableViewController.swift */ = {isa = PBXFileReference; lastKnownFileType = sourcecode.swift; path = CategoryTableViewController.swift; sourceTree = "<group>"; };
		D9CB794626505D4000BA190D /* MenuTableViewController.swift */ = {isa = PBXFileReference; lastKnownFileType = sourcecode.swift; path = MenuTableViewController.swift; sourceTree = "<group>"; };
		D9CB794826505D4800BA190D /* OrderTableViewController.swift */ = {isa = PBXFileReference; lastKnownFileType = sourcecode.swift; path = OrderTableViewController.swift; sourceTree = "<group>"; };
		D9E2CF4C2656A2B700B998F7 /* MenuItemDetailViewController.swift */ = {isa = PBXFileReference; lastKnownFileType = sourcecode.swift; path = MenuItemDetailViewController.swift; sourceTree = "<group>"; };
/* End PBXFileReference section */

/* Begin PBXFrameworksBuildPhase section */
		D9591A21264DC311009EAC9E /* Frameworks */ = {
			isa = PBXFrameworksBuildPhase;
			buildActionMask = 2147483647;
			files = (
			);
			runOnlyForDeploymentPostprocessing = 0;
		};
/* End PBXFrameworksBuildPhase section */

/* Begin PBXGroup section */
		D9591A1B264DC311009EAC9E = {
			isa = PBXGroup;
			children = (
				D9591A26264DC311009EAC9E /* Restaurant */,
				D9591A25264DC311009EAC9E /* Products */,
			);
			sourceTree = "<group>";
		};
		D9591A25264DC311009EAC9E /* Products */ = {
			isa = PBXGroup;
			children = (
				D9591A24264DC311009EAC9E /* Restaurant.app */,
			);
			name = Products;
			sourceTree = "<group>";
		};
		D9591A26264DC311009EAC9E /* Restaurant */ = {
			isa = PBXGroup;
			children = (
				D9591A27264DC311009EAC9E /* AppDelegate.swift */,
				D9591A29264DC311009EAC9E /* SceneDelegate.swift */,
				D9591A2B264DC311009EAC9E /* ViewController.swift */,
				D9591A2D264DC311009EAC9E /* Main.storyboard */,
				D9E2CF4C2656A2B700B998F7 /* MenuItemDetailViewController.swift */,
				D98DA9F4265BCCE10029746D /* MenuItem.swift */,
				D98DA9F6265BCEC80029746D /* ResponseModels.swift */,
				D98DA9F8265BD0270029746D /* Order.swift */,
				D950BEE0265E67DF009F58CD /* MenuController.swift */,
				D9CB794426505D2100BA190D /* CategoryTableViewController.swift */,
				D9CB794626505D4000BA190D /* MenuTableViewController.swift */,
				D9CB794826505D4800BA190D /* OrderTableViewController.swift */,
				D9591A30264DC313009EAC9E /* Assets.xcassets */,
				D9591A32264DC313009EAC9E /* LaunchScreen.storyboard */,
				D9591A35264DC313009EAC9E /* Info.plist */,
			);
			path = Restaurant;
			sourceTree = "<group>";
		};
/* End PBXGroup section */

/* Begin PBXNativeTarget section */
		D9591A23264DC311009EAC9E /* Restaurant */ = {
			isa = PBXNativeTarget;
			buildConfigurationList = D9591A38264DC313009EAC9E /* Build configuration list for PBXNativeTarget "Restaurant" */;
			buildPhases = (
				D9591A20264DC311009EAC9E /* Sources */,
				D9591A21264DC311009EAC9E /* Frameworks */,
				D9591A22264DC311009EAC9E /* Resources */,
			);
			buildRules = (
			);
			dependencies = (
			);
			name = Restaurant;
			productName = Restaurant;
			productReference = D9591A24264DC311009EAC9E /* Restaurant.app */;
			productType = "com.apple.product-type.application";
		};
/* End PBXNativeTarget section */

/* Begin PBXProject section */
		D9591A1C264DC311009EAC9E /* Project object */ = {
			isa = PBXProject;
			attributes = {
				LastSwiftUpdateCheck = 1130;
				LastUpgradeCheck = 1130;
				ORGANIZATIONNAME = "Алексей Сергеев";
				TargetAttributes = {
					D9591A23264DC311009EAC9E = {
						CreatedOnToolsVersion = 11.3;
					};
				};
			};
			buildConfigurationList = D9591A1F264DC311009EAC9E /* Build configuration list for PBXProject "Restaurant" */;
			compatibilityVersion = "Xcode 9.3";
			developmentRegion = en;
			hasScannedForEncodings = 0;
			knownRegions = (
				en,
				Base,
			);
			mainGroup = D9591A1B264DC311009EAC9E;
			productRefGroup = D9591A25264DC311009EAC9E /* Products */;
			projectDirPath = "";
			projectRoot = "";
			targets = (
				D9591A23264DC311009EAC9E /* Restaurant */,
			);
		};
/* End PBXProject section */

/* Begin PBXResourcesBuildPhase section */
		D9591A22264DC311009EAC9E /* Resources */ = {
			isa = PBXResourcesBuildPhase;
			buildActionMask = 2147483647;
			files = (
				D9591A34264DC313009EAC9E /* LaunchScreen.storyboard in Resources */,
				D9591A31264DC313009EAC9E /* Assets.xcassets in Resources */,
				D9591A2F264DC311009EAC9E /* Main.storyboard in Resources */,
			);
			runOnlyForDeploymentPostprocessing = 0;
		};
/* End PBXResourcesBuildPhase section */

/* Begin PBXSourcesBuildPhase section */
		D9591A20264DC311009EAC9E /* Sources */ = {
			isa = PBXSourcesBuildPhase;
			buildActionMask = 2147483647;
			files = (
				D9591A2C264DC311009EAC9E /* ViewController.swift in Sources */,
				D9591A28264DC311009EAC9E /* AppDelegate.swift in Sources */,
				D98DA9F9265BD0270029746D /* Order.swift in Sources */,
				D9CB794726505D4000BA190D /* MenuTableViewController.swift in Sources */,
				D9E2CF4D2656A2B700B998F7 /* MenuItemDetailViewController.swift in Sources */,
				D950BEE1265E67DF009F58CD /* MenuController.swift in Sources */,
				D9591A2A264DC311009EAC9E /* SceneDelegate.swift in Sources */,
				D98DA9F5265BCCE10029746D /* MenuItem.swift in Sources */,
				D9CB794926505D4800BA190D /* OrderTableViewController.swift in Sources */,
				D9CB794526505D2100BA190D /* CategoryTableViewController.swift in Sources */,
				D98DA9F7265BCEC80029746D /* ResponseModels.swift in Sources */,
			);
			runOnlyForDeploymentPostprocessing = 0;
		};
/* End PBXSourcesBuildPhase section */

/* Begin PBXVariantGroup section */
		D9591A2D264DC311009EAC9E /* Main.storyboard */ = {
			isa = PBXVariantGroup;
			children = (
				D9591A2E264DC311009EAC9E /* Base */,
			);
			name = Main.storyboard;
			sourceTree = "<group>";
		};
		D9591A32264DC313009EAC9E /* LaunchScreen.storyboard */ = {
			isa = PBXVariantGroup;
			children = (
				D9591A33264DC313009EAC9E /* Base */,
			);
			name = LaunchScreen.storyboard;
			sourceTree = "<group>";
		};
/* End PBXVariantGroup section */

/* Begin XCBuildConfiguration section */
		D9591A36264DC313009EAC9E /* Debug */ = {
			isa = XCBuildConfiguration;
			buildSettings = {
				ALWAYS_SEARCH_USER_PATHS = NO;
				CLANG_ANALYZER_NONNULL = YES;
				CLANG_ANALYZER_NUMBER_OBJECT_CONVERSION = YES_AGGRESSIVE;
				CLANG_CXX_LANGUAGE_STANDARD = "gnu++14";
				CLANG_CXX_LIBRARY = "libc++";
				CLANG_ENABLE_MODULES = YES;
				CLANG_ENABLE_OBJC_ARC = YES;
				CLANG_ENABLE_OBJC_WEAK = YES;
				CLANG_WARN_BLOCK_CAPTURE_AUTORELEASING = YES;
				CLANG_WARN_BOOL_CONVERSION = YES;
				CLANG_WARN_COMMA = YES;
				CLANG_WARN_CONSTANT_CONVERSION = YES;
				CLANG_WARN_DEPRECATED_OBJC_IMPLEMENTATIONS = YES;
				CLANG_WARN_DIRECT_OBJC_ISA_USAGE = YES_ERROR;
				CLANG_WARN_DOCUMENTATION_COMMENTS = YES;
				CLANG_WARN_EMPTY_BODY = YES;
				CLANG_WARN_ENUM_CONVERSION = YES;
				CLANG_WARN_INFINITE_RECURSION = YES;
				CLANG_WARN_INT_CONVERSION = YES;
				CLANG_WARN_NON_LITERAL_NULL_CONVERSION = YES;
				CLANG_WARN_OBJC_IMPLICIT_RETAIN_SELF = YES;
				CLANG_WARN_OBJC_LITERAL_CONVERSION = YES;
				CLANG_WARN_OBJC_ROOT_CLASS = YES_ERROR;
				CLANG_WARN_RANGE_LOOP_ANALYSIS = YES;
				CLANG_WARN_STRICT_PROTOTYPES = YES;
				CLANG_WARN_SUSPICIOUS_MOVE = YES;
				CLANG_WARN_UNGUARDED_AVAILABILITY = YES_AGGRESSIVE;
				CLANG_WARN_UNREACHABLE_CODE = YES;
				CLANG_WARN__DUPLICATE_METHOD_MATCH = YES;
				COPY_PHASE_STRIP = NO;
				DEBUG_INFORMATION_FORMAT = dwarf;
				ENABLE_STRICT_OBJC_MSGSEND = YES;
				ENABLE_TESTABILITY = YES;
				GCC_C_LANGUAGE_STANDARD = gnu11;
				GCC_DYNAMIC_NO_PIC = NO;
				GCC_NO_COMMON_BLOCKS = YES;
				GCC_OPTIMIZATION_LEVEL = 0;
				GCC_PREPROCESSOR_DEFINITIONS = (
					"DEBUG=1",
					"$(inherited)",
				);
				GCC_WARN_64_TO_32_BIT_CONVERSION = YES;
				GCC_WARN_ABOUT_RETURN_TYPE = YES_ERROR;
				GCC_WARN_UNDECLARED_SELECTOR = YES;
				GCC_WARN_UNINITIALIZED_AUTOS = YES_AGGRESSIVE;
				GCC_WARN_UNUSED_FUNCTION = YES;
				GCC_WARN_UNUSED_VARIABLE = YES;
				IPHONEOS_DEPLOYMENT_TARGET = 13.2;
				MTL_ENABLE_DEBUG_INFO = INCLUDE_SOURCE;
				MTL_FAST_MATH = YES;
				ONLY_ACTIVE_ARCH = YES;
				SDKROOT = iphoneos;
				SWIFT_ACTIVE_COMPILATION_CONDITIONS = DEBUG;
				SWIFT_OPTIMIZATION_LEVEL = "-Onone";
			};
			name = Debug;
		};
		D9591A37264DC313009EAC9E /* Release */ = {
			isa = XCBuildConfiguration;
			buildSettings = {
				ALWAYS_SEARCH_USER_PATHS = NO;
				CLANG_ANALYZER_NONNULL = YES;
				CLANG_ANALYZER_NUMBER_OBJECT_CONVERSION = YES_AGGRESSIVE;
				CLANG_CXX_LANGUAGE_STANDARD = "gnu++14";
				CLANG_CXX_LIBRARY = "libc++";
				CLANG_ENABLE_MODULES = YES;
				CLANG_ENABLE_OBJC_ARC = YES;
				CLANG_ENABLE_OBJC_WEAK = YES;
				CLANG_WARN_BLOCK_CAPTURE_AUTORELEASING = YES;
				CLANG_WARN_BOOL_CONVERSION = YES;
				CLANG_WARN_COMMA = YES;
				CLANG_WARN_CONSTANT_CONVERSION = YES;
				CLANG_WARN_DEPRECATED_OBJC_IMPLEMENTATIONS = YES;
				CLANG_WARN_DIRECT_OBJC_ISA_USAGE = YES_ERROR;
				CLANG_WARN_DOCUMENTATION_COMMENTS = YES;
				CLANG_WARN_EMPTY_BODY = YES;
				CLANG_WARN_ENUM_CONVERSION = YES;
				CLANG_WARN_INFINITE_RECURSION = YES;
				CLANG_WARN_INT_CONVERSION = YES;
				CLANG_WARN_NON_LITERAL_NULL_CONVERSION = YES;
				CLANG_WARN_OBJC_IMPLICIT_RETAIN_SELF = YES;
				CLANG_WARN_OBJC_LITERAL_CONVERSION = YES;
				CLANG_WARN_OBJC_ROOT_CLASS = YES_ERROR;
				CLANG_WARN_RANGE_LOOP_ANALYSIS = YES;
				CLANG_WARN_STRICT_PROTOTYPES = YES;
				CLANG_WARN_SUSPICIOUS_MOVE = YES;
				CLANG_WARN_UNGUARDED_AVAILABILITY = YES_AGGRESSIVE;
				CLANG_WARN_UNREACHABLE_CODE = YES;
				CLANG_WARN__DUPLICATE_METHOD_MATCH = YES;
				COPY_PHASE_STRIP = NO;
				DEBUG_INFORMATION_FORMAT = "dwarf-with-dsym";
				ENABLE_NS_ASSERTIONS = NO;
				ENABLE_STRICT_OBJC_MSGSEND = YES;
				GCC_C_LANGUAGE_STANDARD = gnu11;
				GCC_NO_COMMON_BLOCKS = YES;
				GCC_WARN_64_TO_32_BIT_CONVERSION = YES;
				GCC_WARN_ABOUT_RETURN_TYPE = YES_ERROR;
				GCC_WARN_UNDECLARED_SELECTOR = YES;
				GCC_WARN_UNINITIALIZED_AUTOS = YES_AGGRESSIVE;
				GCC_WARN_UNUSED_FUNCTION = YES;
				GCC_WARN_UNUSED_VARIABLE = YES;
				IPHONEOS_DEPLOYMENT_TARGET = 13.2;
				MTL_ENABLE_DEBUG_INFO = NO;
				MTL_FAST_MATH = YES;
				SDKROOT = iphoneos;
				SWIFT_COMPILATION_MODE = wholemodule;
				SWIFT_OPTIMIZATION_LEVEL = "-O";
				VALIDATE_PRODUCT = YES;
			};
			name = Release;
		};
		D9591A39264DC313009EAC9E /* Debug */ = {
			isa = XCBuildConfiguration;
			buildSettings = {
				ASSETCATALOG_COMPILER_APPICON_NAME = AppIcon;
				CODE_SIGN_STYLE = Automatic;
				DEVELOPMENT_TEAM = B5NP5GUJ9K;
				INFOPLIST_FILE = Restaurant/Info.plist;
				LD_RUNPATH_SEARCH_PATHS = (
					"$(inherited)",
					"@executable_path/Frameworks",
				);
				PRODUCT_BUNDLE_IDENTIFIER = alexey.sergeev.Restaurant;
				PRODUCT_NAME = "$(TARGET_NAME)";
				SWIFT_VERSION = 5.0;
				TARGETED_DEVICE_FAMILY = "1,2";
			};
			name = Debug;
		};
		D9591A3A264DC313009EAC9E /* Release */ = {
			isa = XCBuildConfiguration;
			buildSettings = {
				ASSETCATALOG_COMPILER_APPICON_NAME = AppIcon;
				CODE_SIGN_STYLE = Automatic;
				DEVELOPMENT_TEAM = B5NP5GUJ9K;
				INFOPLIST_FILE = Restaurant/Info.plist;
				LD_RUNPATH_SEARCH_PATHS = (
					"$(inherited)",
					"@executable_path/Frameworks",
				);
				PRODUCT_BUNDLE_IDENTIFIER = alexey.sergeev.Restaurant;
				PRODUCT_NAME = "$(TARGET_NAME)";
				SWIFT_VERSION = 5.0;
				TARGETED_DEVICE_FAMILY = "1,2";
			};
			name = Release;
		};
/* End XCBuildConfiguration section */

/* Begin XCConfigurationList section */
		D9591A1F264DC311009EAC9E /* Build configuration list for PBXProject "Restaurant" */ = {
			isa = XCConfigurationList;
			buildConfigurations = (
				D9591A36264DC313009EAC9E /* Debug */,
				D9591A37264DC313009EAC9E /* Release */,
			);
			defaultConfigurationIsVisible = 0;
			defaultConfigurationName = Release;
		};
		D9591A38264DC313009EAC9E /* Build configuration list for PBXNativeTarget "Restaurant" */ = {
			isa = XCConfigurationList;
			buildConfigurations = (
				D9591A39264DC313009EAC9E /* Debug */,
				D9591A3A264DC313009EAC9E /* Release */,
			);
			defaultConfigurationIsVisible = 0;
			defaultConfigurationName = Release;
		};
/* End XCConfigurationList section */
	};
	rootObject = D9591A1C264DC311009EAC9E /* Project object */;
}
